// !$*UTF8*$!
{
	archiveVersion = 1;
	classes = {
	};
	objectVersion = 77;
	objects = {

/* Begin PBXBuildFile section */
		554B2DAA2DFF7C7700326087 /* FirebaseAuth in Frameworks */ = {isa = PBXBuildFile; productRef = 554B2DA92DFF7C7700326087 /* FirebaseAuth */; };
		554B2DAC2DFF7C7700326087 /* FirebaseFirestore in Frameworks */ = {isa = PBXBuildFile; productRef = 554B2DAB2DFF7C7700326087 /* FirebaseFirestore */; };
		554B2DAF2DFF7C9500326087 /* GoogleSignIn in Frameworks */ = {isa = PBXBuildFile; productRef = 554B2DAE2DFF7C9500326087 /* GoogleSignIn */; };
/* End PBXBuildFile section */

/* Begin PBXContainerItemProxy section */
		5597DA702DFF5E54003C335B /* PBXContainerItemProxy */ = {
			isa = PBXContainerItemProxy;
			containerPortal = 5597DA552DFF5E53003C335B /* Project object */;
			proxyType = 1;
			remoteGlobalIDString = 5597DA5C2DFF5E53003C335B;
			remoteInfo = PlanItApp;
		};
		5597DA7A2DFF5E54003C335B /* PBXContainerItemProxy */ = {
			isa = PBXContainerItemProxy;
			containerPortal = 5597DA552DFF5E53003C335B /* Project object */;
			proxyType = 1;
			remoteGlobalIDString = 5597DA5C2DFF5E53003C335B;
			remoteInfo = PlanItApp;
		};
/* End PBXContainerItemProxy section */

/* Begin PBXFileReference section */
		5597DA5D2DFF5E53003C335B /* PlanItApp.app */ = {isa = PBXFileReference; explicitFileType = wrapper.application; includeInIndex = 0; path = PlanItApp.app; sourceTree = BUILT_PRODUCTS_DIR; };
		5597DA6F2DFF5E54003C335B /* PlanItAppTests.xctest */ = {isa = PBXFileReference; explicitFileType = wrapper.cfbundle; includeInIndex = 0; path = PlanItAppTests.xctest; sourceTree = BUILT_PRODUCTS_DIR; };
		5597DA792DFF5E54003C335B /* PlanItAppUITests.xctest */ = {isa = PBXFileReference; explicitFileType = wrapper.cfbundle; includeInIndex = 0; path = PlanItAppUITests.xctest; sourceTree = BUILT_PRODUCTS_DIR; };
/* End PBXFileReference section */

/* Begin PBXFileSystemSynchronizedBuildFileExceptionSet section */
		554B2DC22E01F12B00326087 /* Exceptions for "PlanItApp" folder in "PlanItApp" target */ = {
			isa = PBXFileSystemSynchronizedBuildFileExceptionSet;
			membershipExceptions = (
				Info.plist,
			);
			target = 5597DA5C2DFF5E53003C335B /* PlanItApp */;
		};
/* End PBXFileSystemSynchronizedBuildFileExceptionSet section */

/* Begin PBXFileSystemSynchronizedRootGroup section */
		5597DA5F2DFF5E53003C335B /* PlanItApp */ = {
			isa = PBXFileSystemSynchronizedRootGroup;
			exceptions = (
				554B2DC22E01F12B00326087 /* Exceptions for "PlanItApp" folder in "PlanItApp" target */,
			);
			path = PlanItApp;
			sourceTree = "<group>";
		};
		5597DA722DFF5E54003C335B /* PlanItAppTests */ = {
			isa = PBXFileSystemSynchronizedRootGroup;
			path = PlanItAppTests;
			sourceTree = "<group>";
		};
		5597DA7C2DFF5E54003C335B /* PlanItAppUITests */ = {
			isa = PBXFileSystemSynchronizedRootGroup;
			path = PlanItAppUITests;
			sourceTree = "<group>";
		};
/* End PBXFileSystemSynchronizedRootGroup section */

/* Begin PBXFrameworksBuildPhase section */
		5597DA5A2DFF5E53003C335B /* Frameworks */ = {
			isa = PBXFrameworksBuildPhase;
			buildActionMask = 2147483647;
			files = (
				554B2DAA2DFF7C7700326087 /* FirebaseAuth in Frameworks */,
				554B2DAC2DFF7C7700326087 /* FirebaseFirestore in Frameworks */,
				554B2DAF2DFF7C9500326087 /* GoogleSignIn in Frameworks */,
			);
			runOnlyForDeploymentPostprocessing = 0;
		};
		5597DA6C2DFF5E54003C335B /* Frameworks */ = {
			isa = PBXFrameworksBuildPhase;
			buildActionMask = 2147483647;
			files = (
			);
			runOnlyForDeploymentPostprocessing = 0;
		};
		5597DA762DFF5E54003C335B /* Frameworks */ = {
			isa = PBXFrameworksBuildPhase;
			buildActionMask = 2147483647;
			files = (
			);
			runOnlyForDeploymentPostprocessing = 0;
		};
/* End PBXFrameworksBuildPhase section */

/* Begin PBXGroup section */
		5597DA542DFF5E53003C335B = {
			isa = PBXGroup;
			children = (
				5597DA5F2DFF5E53003C335B /* PlanItApp */,
				5597DA722DFF5E54003C335B /* PlanItAppTests */,
				5597DA7C2DFF5E54003C335B /* PlanItAppUITests */,
				5597DA5E2DFF5E53003C335B /* Products */,
			);
			sourceTree = "<group>";
		};
		5597DA5E2DFF5E53003C335B /* Products */ = {
			isa = PBXGroup;
			children = (
				5597DA5D2DFF5E53003C335B /* PlanItApp.app */,
				5597DA6F2DFF5E54003C335B /* PlanItAppTests.xctest */,
				5597DA792DFF5E54003C335B /* PlanItAppUITests.xctest */,
			);
			name = Products;
			sourceTree = "<group>";
		};
/* End PBXGroup section */

/* Begin PBXNativeTarget section */
		5597DA5C2DFF5E53003C335B /* PlanItApp */ = {
			isa = PBXNativeTarget;
			buildConfigurationList = 5597DA832DFF5E54003C335B /* Build configuration list for PBXNativeTarget "PlanItApp" */;
			buildPhases = (
				5597DA592DFF5E53003C335B /* Sources */,
				5597DA5A2DFF5E53003C335B /* Frameworks */,
				5597DA5B2DFF5E53003C335B /* Resources */,
			);
			buildRules = (
			);
			dependencies = (
			);
			fileSystemSynchronizedGroups = (
				5597DA5F2DFF5E53003C335B /* PlanItApp */,
			);
			name = PlanItApp;
			packageProductDependencies = (
				554B2DA92DFF7C7700326087 /* FirebaseAuth */,
				554B2DAB2DFF7C7700326087 /* FirebaseFirestore */,
				554B2DAE2DFF7C9500326087 /* GoogleSignIn */,
			);
			productName = PlanItApp;
			productReference = 5597DA5D2DFF5E53003C335B /* PlanItApp.app */;
			productType = "com.apple.product-type.application";
		};
		5597DA6E2DFF5E54003C335B /* PlanItAppTests */ = {
			isa = PBXNativeTarget;
			buildConfigurationList = 5597DA862DFF5E54003C335B /* Build configuration list for PBXNativeTarget "PlanItAppTests" */;
			buildPhases = (
				5597DA6B2DFF5E54003C335B /* Sources */,
				5597DA6C2DFF5E54003C335B /* Frameworks */,
				5597DA6D2DFF5E54003C335B /* Resources */,
			);
			buildRules = (
			);
			dependencies = (
				5597DA712DFF5E54003C335B /* PBXTargetDependency */,
			);
			fileSystemSynchronizedGroups = (
				5597DA722DFF5E54003C335B /* PlanItAppTests */,
			);
			name = PlanItAppTests;
			packageProductDependencies = (
			);
			productName = PlanItAppTests;
			productReference = 5597DA6F2DFF5E54003C335B /* PlanItAppTests.xctest */;
			productType = "com.apple.product-type.bundle.unit-test";
		};
		5597DA782DFF5E54003C335B /* PlanItAppUITests */ = {
			isa = PBXNativeTarget;
			buildConfigurationList = 5597DA892DFF5E54003C335B /* Build configuration list for PBXNativeTarget "PlanItAppUITests" */;
			buildPhases = (
				5597DA752DFF5E54003C335B /* Sources */,
				5597DA762DFF5E54003C335B /* Frameworks */,
				5597DA772DFF5E54003C335B /* Resources */,
			);
			buildRules = (
			);
			dependencies = (
				5597DA7B2DFF5E54003C335B /* PBXTargetDependency */,
			);
			fileSystemSynchronizedGroups = (
				5597DA7C2DFF5E54003C335B /* PlanItAppUITests */,
			);
			name = PlanItAppUITests;
			packageProductDependencies = (
			);
			productName = PlanItAppUITests;
			productReference = 5597DA792DFF5E54003C335B /* PlanItAppUITests.xctest */;
			productType = "com.apple.product-type.bundle.ui-testing";
		};
/* End PBXNativeTarget section */

/* Begin PBXProject section */
		5597DA552DFF5E53003C335B /* Project object */ = {
			isa = PBXProject;
			attributes = {
				BuildIndependentTargetsInParallel = 1;
				LastSwiftUpdateCheck = 1640;
				LastUpgradeCheck = 1640;
				TargetAttributes = {
					5597DA5C2DFF5E53003C335B = {
						CreatedOnToolsVersion = 16.4;
					};
					5597DA6E2DFF5E54003C335B = {
						CreatedOnToolsVersion = 16.4;
						TestTargetID = 5597DA5C2DFF5E53003C335B;
					};
					5597DA782DFF5E54003C335B = {
						CreatedOnToolsVersion = 16.4;
						TestTargetID = 5597DA5C2DFF5E53003C335B;
					};
				};
			};
			buildConfigurationList = 5597DA582DFF5E53003C335B /* Build configuration list for PBXProject "PlanItApp" */;
			developmentRegion = en;
			hasScannedForEncodings = 0;
			knownRegions = (
				en,
				Base,
			);
			mainGroup = 5597DA542DFF5E53003C335B;
			minimizedProjectReferenceProxies = 1;
			packageReferences = (
				554B2DA82DFF7C7700326087 /* XCRemoteSwiftPackageReference "firebase-ios-sdk" */,
				554B2DAD2DFF7C9500326087 /* XCRemoteSwiftPackageReference "GoogleSignIn-iOS" */,
			);
			preferredProjectObjectVersion = 77;
			productRefGroup = 5597DA5E2DFF5E53003C335B /* Products */;
			projectDirPath = "";
			projectRoot = "";
			targets = (
				5597DA5C2DFF5E53003C335B /* PlanItApp */,
				5597DA6E2DFF5E54003C335B /* PlanItAppTests */,
				5597DA782DFF5E54003C335B /* PlanItAppUITests */,
			);
		};
/* End PBXProject section */

/* Begin PBXResourcesBuildPhase section */
		5597DA5B2DFF5E53003C335B /* Resources */ = {
			isa = PBXResourcesBuildPhase;
			buildActionMask = 2147483647;
			files = (
			);
			runOnlyForDeploymentPostprocessing = 0;
		};
		5597DA6D2DFF5E54003C335B /* Resources */ = {
			isa = PBXResourcesBuildPhase;
			buildActionMask = 2147483647;
			files = (
			);
			runOnlyForDeploymentPostprocessing = 0;
		};
		5597DA772DFF5E54003C335B /* Resources */ = {
			isa = PBXResourcesBuildPhase;
			buildActionMask = 2147483647;
			files = (
			);
			runOnlyForDeploymentPostprocessing = 0;
		};
/* End PBXResourcesBuildPhase section */

/* Begin PBXSourcesBuildPhase section */
		5597DA592DFF5E53003C335B /* Sources */ = {
			isa = PBXSourcesBuildPhase;
			buildActionMask = 2147483647;
			files = (
			);
			runOnlyForDeploymentPostprocessing = 0;
		};
		5597DA6B2DFF5E54003C335B /* Sources */ = {
			isa = PBXSourcesBuildPhase;
			buildActionMask = 2147483647;
			files = (
			);
			runOnlyForDeploymentPostprocessing = 0;
		};
		5597DA752DFF5E54003C335B /* Sources */ = {
			isa = PBXSourcesBuildPhase;
			buildActionMask = 2147483647;
			files = (
			);
			runOnlyForDeploymentPostprocessing = 0;
		};
/* End PBXSourcesBuildPhase section */

/* Begin PBXTargetDependency section */
		5597DA712DFF5E54003C335B /* PBXTargetDependency */ = {
			isa = PBXTargetDependency;
			target = 5597DA5C2DFF5E53003C335B /* PlanItApp */;
			targetProxy = 5597DA702DFF5E54003C335B /* PBXContainerItemProxy */;
		};
		5597DA7B2DFF5E54003C335B /* PBXTargetDependency */ = {
			isa = PBXTargetDependency;
			target = 5597DA5C2DFF5E53003C335B /* PlanItApp */;
			targetProxy = 5597DA7A2DFF5E54003C335B /* PBXContainerItemProxy */;
		};
/* End PBXTargetDependency section */

/* Begin XCBuildConfiguration section */
		5597DA812DFF5E54003C335B /* Debug */ = {
			isa = XCBuildConfiguration;
			buildSettings = {
				ALWAYS_SEARCH_USER_PATHS = NO;
				ASSETCATALOG_COMPILER_GENERATE_SWIFT_ASSET_SYMBOL_EXTENSIONS = YES;
				CLANG_ANALYZER_NONNULL = YES;
				CLANG_ANALYZER_NUMBER_OBJECT_CONVERSION = YES_AGGRESSIVE;
				CLANG_CXX_LANGUAGE_STANDARD = "gnu++20";
				CLANG_ENABLE_MODULES = YES;
				CLANG_ENABLE_OBJC_ARC = YES;
				CLANG_ENABLE_OBJC_WEAK = YES;
				CLANG_USE_OPTIMIZATION_PROFILE = NO;
				CLANG_WARN_BLOCK_CAPTURE_AUTORELEASING = YES;
				CLANG_WARN_BOOL_CONVERSION = YES;
				CLANG_WARN_COMMA = YES;
				CLANG_WARN_CONSTANT_CONVERSION = YES;
				CLANG_WARN_DEPRECATED_OBJC_IMPLEMENTATIONS = YES;
				CLANG_WARN_DIRECT_OBJC_ISA_USAGE = YES_ERROR;
				CLANG_WARN_DOCUMENTATION_COMMENTS = YES;
				CLANG_WARN_EMPTY_BODY = YES;
				CLANG_WARN_ENUM_CONVERSION = YES;
				CLANG_WARN_INFINITE_RECURSION = YES;
				CLANG_WARN_INT_CONVERSION = YES;
				CLANG_WARN_NON_LITERAL_NULL_CONVERSION = YES;
				CLANG_WARN_OBJC_IMPLICIT_RETAIN_SELF = YES;
				CLANG_WARN_OBJC_LITERAL_CONVERSION = YES;
				CLANG_WARN_OBJC_ROOT_CLASS = YES_ERROR;
				CLANG_WARN_QUOTED_INCLUDE_IN_FRAMEWORK_HEADER = YES;
				CLANG_WARN_RANGE_LOOP_ANALYSIS = YES;
				CLANG_WARN_STRICT_PROTOTYPES = YES;
				CLANG_WARN_SUSPICIOUS_MOVE = YES;
				CLANG_WARN_UNGUARDED_AVAILABILITY = YES_AGGRESSIVE;
				CLANG_WARN_UNREACHABLE_CODE = YES;
				CLANG_WARN__DUPLICATE_METHOD_MATCH = YES;
				COMPILER_INDEX_STORE_ENABLE = NO;
				COPY_PHASE_STRIP = NO;
				DEBUG_INFORMATION_FORMAT = dwarf;
				DEVELOPMENT_TEAM = H7FW4FH8XY;
				ENABLE_INCREMENTAL_DISTILL_UPLOAD = NO;
				ENABLE_MODULE_VERIFIER = NO;
				ENABLE_STRICT_OBJC_MSGSEND = YES;
				ENABLE_TESTABILITY = YES;
				ENABLE_USER_SCRIPT_SANDBOXING = YES;
				GCC_C_LANGUAGE_STANDARD = gnu17;
				GCC_DYNAMIC_NO_PIC = NO;
				GCC_NO_COMMON_BLOCKS = YES;
				GCC_OPTIMIZATION_LEVEL = 0;
				GCC_PREPROCESSOR_DEFINITIONS = (
					"DEBUG=1",
					"$(inherited)",
				);
				GCC_WARN_64_TO_32_BIT_CONVERSION = YES;
				GCC_WARN_ABOUT_RETURN_TYPE = YES_ERROR;
				GCC_WARN_UNDECLARED_SELECTOR = YES;
				GCC_WARN_UNINITIALIZED_AUTOS = YES_AGGRESSIVE;
				GCC_WARN_UNUSED_FUNCTION = YES;
				GCC_WARN_UNUSED_VARIABLE = YES;
				IPHONEOS_DEPLOYMENT_TARGET = 17.0;
				LOCALIZATION_PREFERS_STRING_CATALOGS = YES;
				MTL_ENABLE_DEBUG_INFO = INCLUDE_SOURCE;
				MTL_FAST_MATH = YES;
				ONLY_ACTIVE_ARCH = YES;
				SDKROOT = iphoneos;
				SWIFT_ACTIVE_COMPILATION_CONDITIONS = "DEBUG $(inherited)";
				SWIFT_COMPILATION_MODE = incremental;
				SWIFT_ENABLE_BATCH_MODE = YES;
				SWIFT_EXEC = /Applications/Xcode.app/Contents/Developer/Toolchains/XcodeDefault.xctoolchain/usr/bin/swiftc;
				SWIFT_OPTIMIZATION_LEVEL = "-Onone";
			};
			name = Debug;
		};
		5597DA822DFF5E54003C335B /* Release */ = {
			isa = XCBuildConfiguration;
			buildSettings = {
				ALWAYS_SEARCH_USER_PATHS = NO;
				ASSETCATALOG_COMPILER_GENERATE_SWIFT_ASSET_SYMBOL_EXTENSIONS = YES;
				CLANG_ANALYZER_NONNULL = YES;
				CLANG_ANALYZER_NUMBER_OBJECT_CONVERSION = YES_AGGRESSIVE;
				CLANG_CXX_LANGUAGE_STANDARD = "gnu++20";
				CLANG_ENABLE_MODULES = YES;
				CLANG_ENABLE_OBJC_ARC = YES;
				CLANG_ENABLE_OBJC_WEAK = YES;
				CLANG_WARN_BLOCK_CAPTURE_AUTORELEASING = YES;
				CLANG_WARN_BOOL_CONVERSION = YES;
				CLANG_WARN_COMMA = YES;
				CLANG_WARN_CONSTANT_CONVERSION = YES;
				CLANG_WARN_DEPRECATED_OBJC_IMPLEMENTATIONS = YES;
				CLANG_WARN_DIRECT_OBJC_ISA_USAGE = YES_ERROR;
				CLANG_WARN_DOCUMENTATION_COMMENTS = YES;
				CLANG_WARN_EMPTY_BODY = YES;
				CLANG_WARN_ENUM_CONVERSION = YES;
				CLANG_WARN_INFINITE_RECURSION = YES;
				CLANG_WARN_INT_CONVERSION = YES;
				CLANG_WARN_NON_LITERAL_NULL_CONVERSION = YES;
				CLANG_WARN_OBJC_IMPLICIT_RETAIN_SELF = YES;
				CLANG_WARN_OBJC_LITERAL_CONVERSION = YES;
				CLANG_WARN_OBJC_ROOT_CLASS = YES_ERROR;
				CLANG_WARN_QUOTED_INCLUDE_IN_FRAMEWORK_HEADER = YES;
				CLANG_WARN_RANGE_LOOP_ANALYSIS = YES;
				CLANG_WARN_STRICT_PROTOTYPES = YES;
				CLANG_WARN_SUSPICIOUS_MOVE = YES;
				CLANG_WARN_UNGUARDED_AVAILABILITY = YES_AGGRESSIVE;
				CLANG_WARN_UNREACHABLE_CODE = YES;
				CLANG_WARN__DUPLICATE_METHOD_MATCH = YES;
				COPY_PHASE_STRIP = NO;
				DEBUG_INFORMATION_FORMAT = "dwarf-with-dsym";
				DEVELOPMENT_TEAM = H7FW4FH8XY;
				ENABLE_NS_ASSERTIONS = NO;
				ENABLE_STRICT_OBJC_MSGSEND = YES;
				ENABLE_USER_SCRIPT_SANDBOXING = YES;
				GCC_C_LANGUAGE_STANDARD = gnu17;
				GCC_NO_COMMON_BLOCKS = YES;
				GCC_WARN_64_TO_32_BIT_CONVERSION = YES;
				GCC_WARN_ABOUT_RETURN_TYPE = YES_ERROR;
				GCC_WARN_UNDECLARED_SELECTOR = YES;
				GCC_WARN_UNINITIALIZED_AUTOS = YES_AGGRESSIVE;
				GCC_WARN_UNUSED_FUNCTION = YES;
				GCC_WARN_UNUSED_VARIABLE = YES;
				IPHONEOS_DEPLOYMENT_TARGET = 17.0;
				LOCALIZATION_PREFERS_STRING_CATALOGS = YES;
				MTL_ENABLE_DEBUG_INFO = NO;
				MTL_FAST_MATH = YES;
				SDKROOT = iphoneos;
				SWIFT_COMPILATION_MODE = wholemodule;
				VALIDATE_PRODUCT = YES;
			};
			name = Release;
		};
		5597DA842DFF5E54003C335B /* Debug */ = {
			isa = XCBuildConfiguration;
			buildSettings = {
				ASSETCATALOG_COMPILER_APPICON_NAME = AppIcon;
				ASSETCATALOG_COMPILER_GLOBAL_ACCENT_COLOR_NAME = AccentColor;
				CODE_SIGN_IDENTITY = "Apple Development";
				CODE_SIGN_STYLE = Automatic;
				CURRENT_PROJECT_VERSION = 1;
				DEVELOPMENT_TEAM = H7FW4FH8XY;
				ENABLE_PREVIEWS = YES;
				GENERATE_INFOPLIST_FILE = YES;
				INFOPLIST_FILE = PlanItApp/Info.plist;
				INFOPLIST_KEY_UIApplicationSceneManifest_Generation = YES;
				INFOPLIST_KEY_UIApplicationSupportsIndirectInputEvents = YES;
				INFOPLIST_KEY_UILaunchScreen_Generation = YES;
				INFOPLIST_KEY_UISupportedInterfaceOrientations_iPad = "UIInterfaceOrientationPortrait UIInterfaceOrientationPortraitUpsideDown UIInterfaceOrientationLandscapeLeft UIInterfaceOrientationLandscapeRight";
				INFOPLIST_KEY_UISupportedInterfaceOrientations_iPhone = "UIInterfaceOrientationPortrait UIInterfaceOrientationLandscapeLeft UIInterfaceOrientationLandscapeRight";
				IPHONEOS_DEPLOYMENT_TARGET = 17.0;
				LD_RUNPATH_SEARCH_PATHS = (
					"$(inherited)",
					"@executable_path/Frameworks",
				);
				MARKETING_VERSION = 1.0;
				PRODUCT_BUNDLE_IDENTIFIER = com.dimkin.PlanItApp;
				PRODUCT_NAME = "$(TARGET_NAME)";
				PROVISIONING_PROFILE_SPECIFIER = "";
				SWIFT_EMIT_LOC_STRINGS = YES;
				SWIFT_VERSION = 5.0;
				TARGETED_DEVICE_FAMILY = "1,2";
			};
			name = Debug;
		};
		5597DA852DFF5E54003C335B /* Release */ = {
			isa = XCBuildConfiguration;
			buildSettings = {
				ASSETCATALOG_COMPILER_APPICON_NAME = AppIcon;
				ASSETCATALOG_COMPILER_GLOBAL_ACCENT_COLOR_NAME = AccentColor;
				CODE_SIGN_IDENTITY = "Apple Development";
				CODE_SIGN_STYLE = Automatic;
				CURRENT_PROJECT_VERSION = 1;
				DEVELOPMENT_TEAM = H7FW4FH8XY;
				ENABLE_PREVIEWS = YES;
				GENERATE_INFOPLIST_FILE = YES;
				INFOPLIST_FILE = PlanItApp/Info.plist;
				INFOPLIST_KEY_UIApplicationSceneManifest_Generation = YES;
				INFOPLIST_KEY_UIApplicationSupportsIndirectInputEvents = YES;
				INFOPLIST_KEY_UILaunchScreen_Generation = YES;
				INFOPLIST_KEY_UISupportedInterfaceOrientations_iPad = "UIInterfaceOrientationPortrait UIInterfaceOrientationPortraitUpsideDown UIInterfaceOrientationLandscapeLeft UIInterfaceOrientationLandscapeRight";
				INFOPLIST_KEY_UISupportedInterfaceOrientations_iPhone = "UIInterfaceOrientationPortrait UIInterfaceOrientationLandscapeLeft UIInterfaceOrientationLandscapeRight";
				IPHONEOS_DEPLOYMENT_TARGET = 17.0;
				LD_RUNPATH_SEARCH_PATHS = (
					"$(inherited)",
					"@executable_path/Frameworks",
				);
				MARKETING_VERSION = 1.0;
				PRODUCT_BUNDLE_IDENTIFIER = com.dimkin.PlanItApp;
				PRODUCT_NAME = "$(TARGET_NAME)";
				PROVISIONING_PROFILE_SPECIFIER = "";
				SWIFT_EMIT_LOC_STRINGS = YES;
				SWIFT_VERSION = 5.0;
				TARGETED_DEVICE_FAMILY = "1,2";
			};
			name = Release;
		};
		5597DA872DFF5E54003C335B /* Debug */ = {
			isa = XCBuildConfiguration;
			buildSettings = {
				BUNDLE_LOADER = "$(TEST_HOST)";
				"CODE_SIGN_IDENTITY[sdk=macosx*]" = "-";
				CODE_SIGN_STYLE = Automatic;
				CURRENT_PROJECT_VERSION = 1;
				DEVELOPMENT_TEAM = H7FW4FH8XY;
				GENERATE_INFOPLIST_FILE = YES;
				IPHONEOS_DEPLOYMENT_TARGET = 17.0;
				MARKETING_VERSION = 1.0;
				PRODUCT_BUNDLE_IDENTIFIER = com.dimkin.PlanItAppTests;
				PRODUCT_NAME = "$(TARGET_NAME)";
				SWIFT_EMIT_LOC_STRINGS = NO;
				SWIFT_VERSION = 5.0;
				TARGETED_DEVICE_FAMILY = "1,2";
				TEST_HOST = "$(BUILT_PRODUCTS_DIR)/PlanItApp.app/$(BUNDLE_EXECUTABLE_FOLDER_PATH)/PlanItApp";
			};
			name = Debug;
		};
		5597DA882DFF5E54003C335B /* Release */ = {
			isa = XCBuildConfiguration;
			buildSettings = {
				BUNDLE_LOADER = "$(TEST_HOST)";
				"CODE_SIGN_IDENTITY[sdk=macosx*]" = "-";
				CODE_SIGN_STYLE = Automatic;
				CURRENT_PROJECT_VERSION = 1;
				DEVELOPMENT_TEAM = H7FW4FH8XY;
				GENERATE_INFOPLIST_FILE = YES;
				IPHONEOS_DEPLOYMENT_TARGET = 17.0;
				MARKETING_VERSION = 1.0;
				PRODUCT_BUNDLE_IDENTIFIER = com.dimkin.PlanItAppTests;
				PRODUCT_NAME = "$(TARGET_NAME)";
				SWIFT_EMIT_LOC_STRINGS = NO;
				SWIFT_VERSION = 5.0;
				TARGETED_DEVICE_FAMILY = "1,2";
				TEST_HOST = "$(BUILT_PRODUCTS_DIR)/PlanItApp.app/$(BUNDLE_EXECUTABLE_FOLDER_PATH)/PlanItApp";
			};
			name = Release;
		};
		5597DA8A2DFF5E54003C335B /* Debug */ = {
			isa = XCBuildConfiguration;
			buildSettings = {
				"CODE_SIGN_IDENTITY[sdk=macosx*]" = "-";
				CODE_SIGN_STYLE = Automatic;
				CURRENT_PROJECT_VERSION = 1;
				DEVELOPMENT_TEAM = H7FW4FH8XY;
				GENERATE_INFOPLIST_FILE = YES;
				MARKETING_VERSION = 1.0;
				PRODUCT_BUNDLE_IDENTIFIER = com.dimkin.PlanItAppUITests;
				PRODUCT_NAME = "$(TARGET_NAME)";
				SWIFT_EMIT_LOC_STRINGS = NO;
				SWIFT_VERSION = 5.0;
				TARGETED_DEVICE_FAMILY = "1,2";
				TEST_TARGET_NAME = PlanItApp;
			};
			name = Debug;
		};
		5597DA8B2DFF5E54003C335B /* Release */ = {
			isa = XCBuildConfiguration;
			buildSettings = {
				"CODE_SIGN_IDENTITY[sdk=macosx*]" = "-";
				CODE_SIGN_STYLE = Automatic;
				CURRENT_PROJECT_VERSION = 1;
				DEVELOPMENT_TEAM = H7FW4FH8XY;
				GENERATE_INFOPLIST_FILE = YES;
				MARKETING_VERSION = 1.0;
				PRODUCT_BUNDLE_IDENTIFIER = com.dimkin.PlanItAppUITests;
				PRODUCT_NAME = "$(TARGET_NAME)";
				SWIFT_EMIT_LOC_STRINGS = NO;
				SWIFT_VERSION = 5.0;
				TARGETED_DEVICE_FAMILY = "1,2";
				TEST_TARGET_NAME = PlanItApp;
			};
			name = Release;
		};
/* End XCBuildConfiguration section */

/* Begin XCConfigurationList section */
		5597DA582DFF5E53003C335B /* Build configuration list for PBXProject "PlanItApp" */ = {
			isa = XCConfigurationList;
			buildConfigurations = (
				5597DA812DFF5E54003C335B /* Debug */,
				5597DA822DFF5E54003C335B /* Release */,
			);
			defaultConfigurationIsVisible = 0;
			defaultConfigurationName = Release;
		};
		5597DA832DFF5E54003C335B /* Build configuration list for PBXNativeTarget "PlanItApp" */ = {
			isa = XCConfigurationList;
			buildConfigurations = (
				5597DA842DFF5E54003C335B /* Debug */,
				5597DA852DFF5E54003C335B /* Release */,
			);
			defaultConfigurationIsVisible = 0;
			defaultConfigurationName = Release;
		};
		5597DA862DFF5E54003C335B /* Build configuration list for PBXNativeTarget "PlanItAppTests" */ = {
			isa = XCConfigurationList;
			buildConfigurations = (
				5597DA872DFF5E54003C335B /* Debug */,
				5597DA882DFF5E54003C335B /* Release */,
			);
			defaultConfigurationIsVisible = 0;
			defaultConfigurationName = Release;
		};
		5597DA892DFF5E54003C335B /* Build configuration list for PBXNativeTarget "PlanItAppUITests" */ = {
			isa = XCConfigurationList;
			buildConfigurations = (
				5597DA8A2DFF5E54003C335B /* Debug */,
				5597DA8B2DFF5E54003C335B /* Release */,
			);
			defaultConfigurationIsVisible = 0;
			defaultConfigurationName = Release;
		};
/* End XCConfigurationList section */

/* Begin XCRemoteSwiftPackageReference section */
		554B2DA82DFF7C7700326087 /* XCRemoteSwiftPackageReference "firebase-ios-sdk" */ = {
			isa = XCRemoteSwiftPackageReference;
			repositoryURL = "https://github.com/firebase/firebase-ios-sdk.git";
			requirement = {
				kind = upToNextMajorVersion;
				minimumVersion = 11.14.0;
			};
		};
		554B2DAD2DFF7C9500326087 /* XCRemoteSwiftPackageReference "GoogleSignIn-iOS" */ = {
			isa = XCRemoteSwiftPackageReference;
			repositoryURL = "https://github.com/google/GoogleSignIn-iOS";
			requirement = {
				kind = upToNextMajorVersion;
				minimumVersion = 8.0.0;
			};
		};
/* End XCRemoteSwiftPackageReference section */

/* Begin XCSwiftPackageProductDependency section */
		554B2DA92DFF7C7700326087 /* FirebaseAuth */ = {
			isa = XCSwiftPackageProductDependency;
			package = 554B2DA82DFF7C7700326087 /* XCRemoteSwiftPackageReference "firebase-ios-sdk" */;
			productName = FirebaseAuth;
		};
		554B2DAB2DFF7C7700326087 /* FirebaseFirestore */ = {
			isa = XCSwiftPackageProductDependency;
			package = 554B2DA82DFF7C7700326087 /* XCRemoteSwiftPackageReference "firebase-ios-sdk" */;
			productName = FirebaseFirestore;
		};
		554B2DAE2DFF7C9500326087 /* GoogleSignIn */ = {
			isa = XCSwiftPackageProductDependency;
			package = 554B2DAD2DFF7C9500326087 /* XCRemoteSwiftPackageReference "GoogleSignIn-iOS" */;
			productName = GoogleSignIn;
		};
/* End XCSwiftPackageProductDependency section */
	};
	rootObject = 5597DA552DFF5E53003C335B /* Project object */;
}
